// !$*UTF8*$!
{
	archiveVersion = 1;
	classes = {
	};
	objectVersion = 77;
	objects = {

/* Begin PBXContainerItemProxy section */
		1230ABF62DD013DF0091AEEC /* PBXContainerItemProxy */ = {
			isa = PBXContainerItemProxy;
			containerPortal = 1230ABDD2DD013DC0091AEEC /* Project object */;
			proxyType = 1;
			remoteGlobalIDString = 1230ABE42DD013DC0091AEEC;
			remoteInfo = Gasti;
		};
		1230AC002DD013DF0091AEEC /* PBXContainerItemProxy */ = {
			isa = PBXContainerItemProxy;
			containerPortal = 1230ABDD2DD013DC0091AEEC /* Project object */;
			proxyType = 1;
			remoteGlobalIDString = 1230ABE42DD013DC0091AEEC;
			remoteInfo = Gasti;
		};
/* End PBXContainerItemProxy section */

/* Begin PBXFileReference section */
		1230ABE52DD013DC0091AEEC /* Gasti.app */ = {isa = PBXFileReference; explicitFileType = wrapper.application; includeInIndex = 0; path = Gasti.app; sourceTree = BUILT_PRODUCTS_DIR; };
		1230ABF52DD013DF0091AEEC /* GastiTests.xctest */ = {isa = PBXFileReference; explicitFileType = wrapper.cfbundle; includeInIndex = 0; path = GastiTests.xctest; sourceTree = BUILT_PRODUCTS_DIR; };
		1230ABFF2DD013DF0091AEEC /* GastiUITests.xctest */ = {isa = PBXFileReference; explicitFileType = wrapper.cfbundle; includeInIndex = 0; path = GastiUITests.xctest; sourceTree = BUILT_PRODUCTS_DIR; };
/* End PBXFileReference section */

/* Begin PBXFileSystemSynchronizedRootGroup section */
		1230ABE72DD013DC0091AEEC /* Gasti */ = {
			isa = PBXFileSystemSynchronizedRootGroup;
			path = Gasti;
			sourceTree = "<group>";
		};
		1230ABF82DD013DF0091AEEC /* GastiTests */ = {
			isa = PBXFileSystemSynchronizedRootGroup;
			path = GastiTests;
			sourceTree = "<group>";
		};
		1230AC022DD013DF0091AEEC /* GastiUITests */ = {
			isa = PBXFileSystemSynchronizedRootGroup;
			path = GastiUITests;
			sourceTree = "<group>";
		};
/* End PBXFileSystemSynchronizedRootGroup section */

/* Begin PBXFrameworksBuildPhase section */
		1230ABE22DD013DC0091AEEC /* Frameworks */ = {
			isa = PBXFrameworksBuildPhase;
			buildActionMask = 2147483647;
			files = (
			);
			runOnlyForDeploymentPostprocessing = 0;
		};
		1230ABF22DD013DF0091AEEC /* Frameworks */ = {
			isa = PBXFrameworksBuildPhase;
			buildActionMask = 2147483647;
			files = (
			);
			runOnlyForDeploymentPostprocessing = 0;
		};
		1230ABFC2DD013DF0091AEEC /* Frameworks */ = {
			isa = PBXFrameworksBuildPhase;
			buildActionMask = 2147483647;
			files = (
			);
			runOnlyForDeploymentPostprocessing = 0;
		};
/* End PBXFrameworksBuildPhase section */

/* Begin PBXGroup section */
		1230ABDC2DD013DC0091AEEC = {
			isa = PBXGroup;
			children = (
				1230ABE72DD013DC0091AEEC /* Gasti */,
				1230ABF82DD013DF0091AEEC /* GastiTests */,
				1230AC022DD013DF0091AEEC /* GastiUITests */,
				1230ABE62DD013DC0091AEEC /* Products */,
			);
			sourceTree = "<group>";
		};
		1230ABE62DD013DC0091AEEC /* Products */ = {
			isa = PBXGroup;
			children = (
				1230ABE52DD013DC0091AEEC /* Gasti.app */,
				1230ABF52DD013DF0091AEEC /* GastiTests.xctest */,
				1230ABFF2DD013DF0091AEEC /* GastiUITests.xctest */,
			);
			name = Products;
			sourceTree = "<group>";
		};
/* End PBXGroup section */

/* Begin PBXNativeTarget section */
		1230ABE42DD013DC0091AEEC /* Gasti */ = {
			isa = PBXNativeTarget;
			buildConfigurationList = 1230AC092DD013DF0091AEEC /* Build configuration list for PBXNativeTarget "Gasti" */;
			buildPhases = (
				1230ABE12DD013DC0091AEEC /* Sources */,
				1230ABE22DD013DC0091AEEC /* Frameworks */,
				1230ABE32DD013DC0091AEEC /* Resources */,
			);
			buildRules = (
			);
			dependencies = (
			);
			fileSystemSynchronizedGroups = (
				1230ABE72DD013DC0091AEEC /* Gasti */,
			);
			name = Gasti;
			packageProductDependencies = (
			);
			productName = Gasti;
			productReference = 1230ABE52DD013DC0091AEEC /* Gasti.app */;
			productType = "com.apple.product-type.application";
		};
		1230ABF42DD013DF0091AEEC /* GastiTests */ = {
			isa = PBXNativeTarget;
			buildConfigurationList = 1230AC0C2DD013DF0091AEEC /* Build configuration list for PBXNativeTarget "GastiTests" */;
			buildPhases = (
				1230ABF12DD013DF0091AEEC /* Sources */,
				1230ABF22DD013DF0091AEEC /* Frameworks */,
				1230ABF32DD013DF0091AEEC /* Resources */,
			);
			buildRules = (
			);
			dependencies = (
				1230ABF72DD013DF0091AEEC /* PBXTargetDependency */,
			);
			fileSystemSynchronizedGroups = (
				1230ABF82DD013DF0091AEEC /* GastiTests */,
			);
			name = GastiTests;
			packageProductDependencies = (
			);
			productName = GastiTests;
			productReference = 1230ABF52DD013DF0091AEEC /* GastiTests.xctest */;
			productType = "com.apple.product-type.bundle.unit-test";
		};
		1230ABFE2DD013DF0091AEEC /* GastiUITests */ = {
			isa = PBXNativeTarget;
			buildConfigurationList = 1230AC0F2DD013DF0091AEEC /* Build configuration list for PBXNativeTarget "GastiUITests" */;
			buildPhases = (
				1230ABFB2DD013DF0091AEEC /* Sources */,
				1230ABFC2DD013DF0091AEEC /* Frameworks */,
				1230ABFD2DD013DF0091AEEC /* Resources */,
			);
			buildRules = (
			);
			dependencies = (
				1230AC012DD013DF0091AEEC /* PBXTargetDependency */,
			);
			fileSystemSynchronizedGroups = (
				1230AC022DD013DF0091AEEC /* GastiUITests */,
			);
			name = GastiUITests;
			packageProductDependencies = (
			);
			productName = GastiUITests;
			productReference = 1230ABFF2DD013DF0091AEEC /* GastiUITests.xctest */;
			productType = "com.apple.product-type.bundle.ui-testing";
		};
/* End PBXNativeTarget section */

/* Begin PBXProject section */
		1230ABDD2DD013DC0091AEEC /* Project object */ = {
			isa = PBXProject;
			attributes = {
				BuildIndependentTargetsInParallel = 1;
				LastSwiftUpdateCheck = 1620;
				LastUpgradeCheck = 1620;
				TargetAttributes = {
					1230ABE42DD013DC0091AEEC = {
						CreatedOnToolsVersion = 16.2;
					};
					1230ABF42DD013DF0091AEEC = {
						CreatedOnToolsVersion = 16.2;
						TestTargetID = 1230ABE42DD013DC0091AEEC;
					};
					1230ABFE2DD013DF0091AEEC = {
						CreatedOnToolsVersion = 16.2;
						TestTargetID = 1230ABE42DD013DC0091AEEC;
					};
				};
			};
			buildConfigurationList = 1230ABE02DD013DC0091AEEC /* Build configuration list for PBXProject "Gasti" */;
			developmentRegion = en;
			hasScannedForEncodings = 0;
			knownRegions = (
				en,
				Base,
			);
			mainGroup = 1230ABDC2DD013DC0091AEEC;
			minimizedProjectReferenceProxies = 1;
			preferredProjectObjectVersion = 77;
			productRefGroup = 1230ABE62DD013DC0091AEEC /* Products */;
			projectDirPath = "";
			projectRoot = "";
			targets = (
				1230ABE42DD013DC0091AEEC /* Gasti */,
				1230ABF42DD013DF0091AEEC /* GastiTests */,
				1230ABFE2DD013DF0091AEEC /* GastiUITests */,
			);
		};
/* End PBXProject section */

/* Begin PBXResourcesBuildPhase section */
		1230ABE32DD013DC0091AEEC /* Resources */ = {
			isa = PBXResourcesBuildPhase;
			buildActionMask = 2147483647;
			files = (
			);
			runOnlyForDeploymentPostprocessing = 0;
		};
		1230ABF32DD013DF0091AEEC /* Resources */ = {
			isa = PBXResourcesBuildPhase;
			buildActionMask = 2147483647;
			files = (
			);
			runOnlyForDeploymentPostprocessing = 0;
		};
		1230ABFD2DD013DF0091AEEC /* Resources */ = {
			isa = PBXResourcesBuildPhase;
			buildActionMask = 2147483647;
			files = (
			);
			runOnlyForDeploymentPostprocessing = 0;
		};
/* End PBXResourcesBuildPhase section */

/* Begin PBXSourcesBuildPhase section */
		1230ABE12DD013DC0091AEEC /* Sources */ = {
			isa = PBXSourcesBuildPhase;
			buildActionMask = 2147483647;
			files = (
			);
			runOnlyForDeploymentPostprocessing = 0;
		};
		1230ABF12DD013DF0091AEEC /* Sources */ = {
			isa = PBXSourcesBuildPhase;
			buildActionMask = 2147483647;
			files = (
			);
			runOnlyForDeploymentPostprocessing = 0;
		};
		1230ABFB2DD013DF0091AEEC /* Sources */ = {
			isa = PBXSourcesBuildPhase;
			buildActionMask = 2147483647;
			files = (
			);
			runOnlyForDeploymentPostprocessing = 0;
		};
/* End PBXSourcesBuildPhase section */

/* Begin PBXTargetDependency section */
		1230ABF72DD013DF0091AEEC /* PBXTargetDependency */ = {
			isa = PBXTargetDependency;
			target = 1230ABE42DD013DC0091AEEC /* Gasti */;
			targetProxy = 1230ABF62DD013DF0091AEEC /* PBXContainerItemProxy */;
		};
		1230AC012DD013DF0091AEEC /* PBXTargetDependency */ = {
			isa = PBXTargetDependency;
			target = 1230ABE42DD013DC0091AEEC /* Gasti */;
			targetProxy = 1230AC002DD013DF0091AEEC /* PBXContainerItemProxy */;
		};
/* End PBXTargetDependency section */

/* Begin XCBuildConfiguration section */
		1230AC072DD013DF0091AEEC /* Debug */ = {
			isa = XCBuildConfiguration;
			buildSettings = {
				ALWAYS_SEARCH_USER_PATHS = NO;
				ASSETCATALOG_COMPILER_GENERATE_SWIFT_ASSET_SYMBOL_EXTENSIONS = YES;
				CLANG_ANALYZER_NONNULL = YES;
				CLANG_ANALYZER_NUMBER_OBJECT_CONVERSION = YES_AGGRESSIVE;
				CLANG_CXX_LANGUAGE_STANDARD = "gnu++20";
				CLANG_ENABLE_MODULES = YES;
				CLANG_ENABLE_OBJC_ARC = YES;
				CLANG_ENABLE_OBJC_WEAK = YES;
				CLANG_WARN_BLOCK_CAPTURE_AUTORELEASING = YES;
				CLANG_WARN_BOOL_CONVERSION = YES;
				CLANG_WARN_COMMA = YES;
				CLANG_WARN_CONSTANT_CONVERSION = YES;
				CLANG_WARN_DEPRECATED_OBJC_IMPLEMENTATIONS = YES;
				CLANG_WARN_DIRECT_OBJC_ISA_USAGE = YES_ERROR;
				CLANG_WARN_DOCUMENTATION_COMMENTS = YES;
				CLANG_WARN_EMPTY_BODY = YES;
				CLANG_WARN_ENUM_CONVERSION = YES;
				CLANG_WARN_INFINITE_RECURSION = YES;
				CLANG_WARN_INT_CONVERSION = YES;
				CLANG_WARN_NON_LITERAL_NULL_CONVERSION = YES;
				CLANG_WARN_OBJC_IMPLICIT_RETAIN_SELF = YES;
				CLANG_WARN_OBJC_LITERAL_CONVERSION = YES;
				CLANG_WARN_OBJC_ROOT_CLASS = YES_ERROR;
				CLANG_WARN_QUOTED_INCLUDE_IN_FRAMEWORK_HEADER = YES;
				CLANG_WARN_RANGE_LOOP_ANALYSIS = YES;
				CLANG_WARN_STRICT_PROTOTYPES = YES;
				CLANG_WARN_SUSPICIOUS_MOVE = YES;
				CLANG_WARN_UNGUARDED_AVAILABILITY = YES_AGGRESSIVE;
				CLANG_WARN_UNREACHABLE_CODE = YES;
				CLANG_WARN__DUPLICATE_METHOD_MATCH = YES;
				COPY_PHASE_STRIP = NO;
				DEBUG_INFORMATION_FORMAT = dwarf;
				ENABLE_STRICT_OBJC_MSGSEND = YES;
				ENABLE_TESTABILITY = YES;
				ENABLE_USER_SCRIPT_SANDBOXING = YES;
				GCC_C_LANGUAGE_STANDARD = gnu17;
				GCC_DYNAMIC_NO_PIC = NO;
				GCC_NO_COMMON_BLOCKS = YES;
				GCC_OPTIMIZATION_LEVEL = 0;
				GCC_PREPROCESSOR_DEFINITIONS = (
					"DEBUG=1",
					"$(inherited)",
				);
				GCC_WARN_64_TO_32_BIT_CONVERSION = YES;
				GCC_WARN_ABOUT_RETURN_TYPE = YES_ERROR;
				GCC_WARN_UNDECLARED_SELECTOR = YES;
				GCC_WARN_UNINITIALIZED_AUTOS = YES_AGGRESSIVE;
				GCC_WARN_UNUSED_FUNCTION = YES;
				GCC_WARN_UNUSED_VARIABLE = YES;
				IPHONEOS_DEPLOYMENT_TARGET = 18.2;
				LOCALIZATION_PREFERS_STRING_CATALOGS = YES;
				MTL_ENABLE_DEBUG_INFO = INCLUDE_SOURCE;
				MTL_FAST_MATH = YES;
				ONLY_ACTIVE_ARCH = YES;
				SDKROOT = iphoneos;
				SWIFT_ACTIVE_COMPILATION_CONDITIONS = "DEBUG $(inherited)";
				SWIFT_OPTIMIZATION_LEVEL = "-Onone";
			};
			name = Debug;
		};
		1230AC082DD013DF0091AEEC /* Release */ = {
			isa = XCBuildConfiguration;
			buildSettings = {
				ALWAYS_SEARCH_USER_PATHS = NO;
				ASSETCATALOG_COMPILER_GENERATE_SWIFT_ASSET_SYMBOL_EXTENSIONS = YES;
				CLANG_ANALYZER_NONNULL = YES;
				CLANG_ANALYZER_NUMBER_OBJECT_CONVERSION = YES_AGGRESSIVE;
				CLANG_CXX_LANGUAGE_STANDARD = "gnu++20";
				CLANG_ENABLE_MODULES = YES;
				CLANG_ENABLE_OBJC_ARC = YES;
				CLANG_ENABLE_OBJC_WEAK = YES;
				CLANG_WARN_BLOCK_CAPTURE_AUTORELEASING = YES;
				CLANG_WARN_BOOL_CONVERSION = YES;
				CLANG_WARN_COMMA = YES;
				CLANG_WARN_CONSTANT_CONVERSION = YES;
				CLANG_WARN_DEPRECATED_OBJC_IMPLEMENTATIONS = YES;
				CLANG_WARN_DIRECT_OBJC_ISA_USAGE = YES_ERROR;
				CLANG_WARN_DOCUMENTATION_COMMENTS = YES;
				CLANG_WARN_EMPTY_BODY = YES;
				CLANG_WARN_ENUM_CONVERSION = YES;
				CLANG_WARN_INFINITE_RECURSION = YES;
				CLANG_WARN_INT_CONVERSION = YES;
				CLANG_WARN_NON_LITERAL_NULL_CONVERSION = YES;
				CLANG_WARN_OBJC_IMPLICIT_RETAIN_SELF = YES;
				CLANG_WARN_OBJC_LITERAL_CONVERSION = YES;
				CLANG_WARN_OBJC_ROOT_CLASS = YES_ERROR;
				CLANG_WARN_QUOTED_INCLUDE_IN_FRAMEWORK_HEADER = YES;
				CLANG_WARN_RANGE_LOOP_ANALYSIS = YES;
				CLANG_WARN_STRICT_PROTOTYPES = YES;
				CLANG_WARN_SUSPICIOUS_MOVE = YES;
				CLANG_WARN_UNGUARDED_AVAILABILITY = YES_AGGRESSIVE;
				CLANG_WARN_UNREACHABLE_CODE = YES;
				CLANG_WARN__DUPLICATE_METHOD_MATCH = YES;
				COPY_PHASE_STRIP = NO;
				DEBUG_INFORMATION_FORMAT = "dwarf-with-dsym";
				ENABLE_NS_ASSERTIONS = NO;
				ENABLE_STRICT_OBJC_MSGSEND = YES;
				ENABLE_USER_SCRIPT_SANDBOXING = YES;
				GCC_C_LANGUAGE_STANDARD = gnu17;
				GCC_NO_COMMON_BLOCKS = YES;
				GCC_WARN_64_TO_32_BIT_CONVERSION = YES;
				GCC_WARN_ABOUT_RETURN_TYPE = YES_ERROR;
				GCC_WARN_UNDECLARED_SELECTOR = YES;
				GCC_WARN_UNINITIALIZED_AUTOS = YES_AGGRESSIVE;
				GCC_WARN_UNUSED_FUNCTION = YES;
				GCC_WARN_UNUSED_VARIABLE = YES;
				IPHONEOS_DEPLOYMENT_TARGET = 18.2;
				LOCALIZATION_PREFERS_STRING_CATALOGS = YES;
				MTL_ENABLE_DEBUG_INFO = NO;
				MTL_FAST_MATH = YES;
				SDKROOT = iphoneos;
				SWIFT_COMPILATION_MODE = wholemodule;
				VALIDATE_PRODUCT = YES;
			};
			name = Release;
		};
		1230AC0A2DD013DF0091AEEC /* Debug */ = {
			isa = XCBuildConfiguration;
			buildSettings = {
				ASSETCATALOG_COMPILER_APPICON_NAME = AppIcon;
				ASSETCATALOG_COMPILER_GLOBAL_ACCENT_COLOR_NAME = AccentColor;
				CODE_SIGN_STYLE = Automatic;
				CURRENT_PROJECT_VERSION = 1;
				DEVELOPMENT_ASSET_PATHS = "\"Gasti/Preview Content\"";
				DEVELOPMENT_TEAM = 24HB85F6VZ;
				ENABLE_PREVIEWS = YES;
				GENERATE_INFOPLIST_FILE = YES;
				INFOPLIST_KEY_UIApplicationSceneManifest_Generation = YES;
				INFOPLIST_KEY_UIApplicationSupportsIndirectInputEvents = YES;
				INFOPLIST_KEY_UILaunchScreen_Generation = YES;
				INFOPLIST_KEY_UISupportedInterfaceOrientations_iPad = "UIInterfaceOrientationPortrait UIInterfaceOrientationPortraitUpsideDown UIInterfaceOrientationLandscapeLeft UIInterfaceOrientationLandscapeRight";
				INFOPLIST_KEY_UISupportedInterfaceOrientations_iPhone = "UIInterfaceOrientationPortrait UIInterfaceOrientationLandscapeLeft UIInterfaceOrientationLandscapeRight";
				LD_RUNPATH_SEARCH_PATHS = (
					"$(inherited)",
					"@executable_path/Frameworks",
				);
				MARKETING_VERSION = 1.0;
				PRODUCT_BUNDLE_IDENTIFIER = c.Gasti;
				PRODUCT_NAME = "$(TARGET_NAME)";
				SWIFT_EMIT_LOC_STRINGS = YES;
				SWIFT_VERSION = 5.0;
				TARGETED_DEVICE_FAMILY = "1,2";
			};
			name = Debug;
		};
		1230AC0B2DD013DF0091AEEC /* Release */ = {
			isa = XCBuildConfiguration;
			buildSettings = {
				ASSETCATALOG_COMPILER_APPICON_NAME = AppIcon;
				ASSETCATALOG_COMPILER_GLOBAL_ACCENT_COLOR_NAME = AccentColor;
				CODE_SIGN_STYLE = Automatic;
				CURRENT_PROJECT_VERSION = 1;
				DEVELOPMENT_ASSET_PATHS = "\"Gasti/Preview Content\"";
				DEVELOPMENT_TEAM = 24HB85F6VZ;
				ENABLE_PREVIEWS = YES;
				GENERATE_INFOPLIST_FILE = YES;
				INFOPLIST_KEY_UIApplicationSceneManifest_Generation = YES;
				INFOPLIST_KEY_UIApplicationSupportsIndirectInputEvents = YES;
				INFOPLIST_KEY_UILaunchScreen_Generation = YES;
				INFOPLIST_KEY_UISupportedInterfaceOrientations_iPad = "UIInterfaceOrientationPortrait UIInterfaceOrientationPortraitUpsideDown UIInterfaceOrientationLandscapeLeft UIInterfaceOrientationLandscapeRight";
				INFOPLIST_KEY_UISupportedInterfaceOrientations_iPhone = "UIInterfaceOrientationPortrait UIInterfaceOrientationLandscapeLeft UIInterfaceOrientationLandscapeRight";
				LD_RUNPATH_SEARCH_PATHS = (
					"$(inherited)",
					"@executable_path/Frameworks",
				);
				MARKETING_VERSION = 1.0;
				PRODUCT_BUNDLE_IDENTIFIER = c.Gasti;
				PRODUCT_NAME = "$(TARGET_NAME)";
				SWIFT_EMIT_LOC_STRINGS = YES;
				SWIFT_VERSION = 5.0;
				TARGETED_DEVICE_FAMILY = "1,2";
			};
			name = Release;
		};
		1230AC0D2DD013DF0091AEEC /* Debug */ = {
			isa = XCBuildConfiguration;
			buildSettings = {
				BUNDLE_LOADER = "$(TEST_HOST)";
				CODE_SIGN_STYLE = Automatic;
				CURRENT_PROJECT_VERSION = 1;
				DEVELOPMENT_TEAM = 55RYFP433A;
				GENERATE_INFOPLIST_FILE = YES;
				IPHONEOS_DEPLOYMENT_TARGET = 18.2;
				MARKETING_VERSION = 1.0;
				PRODUCT_BUNDLE_IDENTIFIER = c.GastiTests;
				PRODUCT_NAME = "$(TARGET_NAME)";
				SWIFT_EMIT_LOC_STRINGS = NO;
				SWIFT_VERSION = 5.0;
				TARGETED_DEVICE_FAMILY = "1,2";
				TEST_HOST = "$(BUILT_PRODUCTS_DIR)/Gasti.app/$(BUNDLE_EXECUTABLE_FOLDER_PATH)/Gasti";
			};
			name = Debug;
		};
		1230AC0E2DD013DF0091AEEC /* Release */ = {
			isa = XCBuildConfiguration;
			buildSettings = {
				BUNDLE_LOADER = "$(TEST_HOST)";
				CODE_SIGN_STYLE = Automatic;
				CURRENT_PROJECT_VERSION = 1;
				DEVELOPMENT_TEAM = 55RYFP433A;
				GENERATE_INFOPLIST_FILE = YES;
				IPHONEOS_DEPLOYMENT_TARGET = 18.2;
				MARKETING_VERSION = 1.0;
				PRODUCT_BUNDLE_IDENTIFIER = c.GastiTests;
				PRODUCT_NAME = "$(TARGET_NAME)";
				SWIFT_EMIT_LOC_STRINGS = NO;
				SWIFT_VERSION = 5.0;
				TARGETED_DEVICE_FAMILY = "1,2";
				TEST_HOST = "$(BUILT_PRODUCTS_DIR)/Gasti.app/$(BUNDLE_EXECUTABLE_FOLDER_PATH)/Gasti";
			};
			name = Release;
		};
		1230AC102DD013DF0091AEEC /* Debug */ = {
			isa = XCBuildConfiguration;
			buildSettings = {
				CODE_SIGN_STYLE = Automatic;
				CURRENT_PROJECT_VERSION = 1;
				DEVELOPMENT_TEAM = 55RYFP433A;
				GENERATE_INFOPLIST_FILE = YES;
				MARKETING_VERSION = 1.0;
				PRODUCT_BUNDLE_IDENTIFIER = c.GastiUITests;
				PRODUCT_NAME = "$(TARGET_NAME)";
				SWIFT_EMIT_LOC_STRINGS = NO;
				SWIFT_VERSION = 5.0;
				TARGETED_DEVICE_FAMILY = "1,2";
				TEST_TARGET_NAME = Gasti;
			};
			name = Debug;
		};
		1230AC112DD013DF0091AEEC /* Release */ = {
			isa = XCBuildConfiguration;
			buildSettings = {
				CODE_SIGN_STYLE = Automatic;
				CURRENT_PROJECT_VERSION = 1;
				DEVELOPMENT_TEAM = 55RYFP433A;
				GENERATE_INFOPLIST_FILE = YES;
				MARKETING_VERSION = 1.0;
				PRODUCT_BUNDLE_IDENTIFIER = c.GastiUITests;
				PRODUCT_NAME = "$(TARGET_NAME)";
				SWIFT_EMIT_LOC_STRINGS = NO;
				SWIFT_VERSION = 5.0;
				TARGETED_DEVICE_FAMILY = "1,2";
				TEST_TARGET_NAME = Gasti;
			};
			name = Release;
		};
/* End XCBuildConfiguration section */

/* Begin XCConfigurationList section */
		1230ABE02DD013DC0091AEEC /* Build configuration list for PBXProject "Gasti" */ = {
			isa = XCConfigurationList;
			buildConfigurations = (
				1230AC072DD013DF0091AEEC /* Debug */,
				1230AC082DD013DF0091AEEC /* Release */,
			);
			defaultConfigurationIsVisible = 0;
			defaultConfigurationName = Release;
		};
		1230AC092DD013DF0091AEEC /* Build configuration list for PBXNativeTarget "Gasti" */ = {
			isa = XCConfigurationList;
			buildConfigurations = (
				1230AC0A2DD013DF0091AEEC /* Debug */,
				1230AC0B2DD013DF0091AEEC /* Release */,
			);
			defaultConfigurationIsVisible = 0;
			defaultConfigurationName = Release;
		};
		1230AC0C2DD013DF0091AEEC /* Build configuration list for PBXNativeTarget "GastiTests" */ = {
			isa = XCConfigurationList;
			buildConfigurations = (
				1230AC0D2DD013DF0091AEEC /* Debug */,
				1230AC0E2DD013DF0091AEEC /* Release */,
			);
			defaultConfigurationIsVisible = 0;
			defaultConfigurationName = Release;
		};
		1230AC0F2DD013DF0091AEEC /* Build configuration list for PBXNativeTarget "GastiUITests" */ = {
			isa = XCConfigurationList;
			buildConfigurations = (
				1230AC102DD013DF0091AEEC /* Debug */,
				1230AC112DD013DF0091AEEC /* Release */,
			);
			defaultConfigurationIsVisible = 0;
			defaultConfigurationName = Release;
		};
/* End XCConfigurationList section */
	};
	rootObject = 1230ABDD2DD013DC0091AEEC /* Project object */;
}
